
Microsoft Visual Studio Solution File, Format Version 12.00
# Visual Studio Version 17
VisualStudioVersion = 17.11.35303.130
MinimumVisualStudioVersion = 10.0.40219.1
Project("{FAE04EC0-301F-11D3-BF4B-00C04F79EFBC}") = "ParkingLotSystem", "ParkingLotSystem\ParkingLotSystem.csproj", "{7B378BC7-6A01-4D82-8CF7-3BF5CD617AFE}"
EndProject
Global
	GlobalSection(SolutionConfigurationPlatforms) = preSolution
		Debug|Any CPU = Debug|Any CPU
		Release|Any CPU = Release|Any CPU
	EndGlobalSection
	GlobalSection(ProjectConfigurationPlatforms) = postSolution
		{7B378BC7-6A01-4D82-8CF7-3BF5CD617AFE}.Debug|Any CPU.ActiveCfg = Debug|Any CPU
		{7B378BC7-6A01-4D82-8CF7-3BF5CD617AFE}.Debug|Any CPU.Build.0 = Debug|Any CPU
		{7B378BC7-6A01-4D82-8CF7-3BF5CD617AFE}.Release|Any CPU.ActiveCfg = Release|Any CPU
		{7B378BC7-6A01-4D82-8CF7-3BF5CD617AFE}.Release|Any CPU.Build.0 = Release|Any CPU
	EndGlobalSection
	GlobalSection(SolutionProperties) = preSolution
		HideSolutionNode = FALSE
	EndGlobalSection
	GlobalSection(ExtensibilityGlobals) = postSolution
		SolutionGuid = {12287FDF-C8D1-4F64-ADBF-B0631FAE85E1}
	EndGlobalSection
EndGlobal
